# Generated by conda-lock.
# platform: linux-64
# input_hash: cd1f86eb9daa2f37e665429adb70b33873baf2412c55ef7c2230d394e2b71cf5
@EXPLICIT
https://repo.anaconda.com/pkgs/main/linux-64/_libgcc_mutex-0.1-main.conda#c3473ff8bdb3d124ed5ff11ec380d6f9
https://repo.anaconda.com/pkgs/main/linux-64/blas-1.0-mkl.conda#9a7a051e9bd41da46523acb017d8a517
https://repo.anaconda.com/pkgs/main/linux-64/ca-certificates-2025.11.4-h06a4308_0.conda#f04cd5aa67216b77e8f664bb4c7098a4
https://repo.anaconda.com/pkgs/main/linux-64/intel-openmp-2025.0.0-h06a4308_1171.conda#14d2a653d3d16ff441480811ae7ea030
https://repo.anaconda.com/pkgs/main/noarch/tzdata-2025b-h04d1e81_0.conda#1d027393db3427ab22a02aa44a56f143
https://repo.anaconda.com/pkgs/main/linux-64/ld_impl_linux-64-2.44-h153f514_2.conda#dffdc9a0e09d04051d4bd758e104f4b3
https://repo.anaconda.com/pkgs/main/linux-64/libgomp-15.2.0-h4751f2c_7.conda#82025ed6da944bd419d42d9b1ff116aa
https://repo.anaconda.com/pkgs/main/linux-64/_openmp_mutex-5.1-1_gnu.conda#71d281e9c2192cb3fa425655a8defb85
https://repo.anaconda.com/pkgs/main/linux-64/libgcc-15.2.0-h69a1729_7.conda#01fb1b8725fc7f66312b9d409758917a
https://repo.anaconda.com/pkgs/main/linux-64/libgcc-ng-15.2.0-h166f726_7.conda#2783efb2502b9caa7f08e25fd54df899
https://repo.anaconda.com/pkgs/main/linux-64/libstdcxx-15.2.0-h39759b7_7.conda#7dc7ec61ceea5de17f3e2c4c5f442fc6
https://repo.anaconda.com/pkgs/main/linux-64/bzip2-1.0.8-h5eee18b_6.conda#f21a3ff51c1b271977f53ce956a69297
https://repo.anaconda.com/pkgs/main/linux-64/libnsl-2.0.0-h5eee18b_0.conda#55e3f1b0c2a70454cdf1a5d64fb44752
https://repo.anaconda.com/pkgs/main/linux-64/libstdcxx-ng-15.2.0-hc03a8fd_7.conda#cf200522c0b13d64bf81035358d05f5b
https://repo.anaconda.com/pkgs/main/linux-64/libuuid-1.41.5-h5eee18b_0.conda#4a6a2354414c9080327274aa514e5299
https://repo.anaconda.com/pkgs/main/linux-64/libzlib-1.3.1-hb25bd0a_0.conda#338ee51e19ee211b7fc994d4ba88c631
https://repo.anaconda.com/pkgs/main/linux-64/ncurses-6.5-h7934f7d_0.conda#0abfc090299da4bb031b84c64309757b
https://repo.anaconda.com/pkgs/main/linux-64/openssl-3.0.18-hd6dcaed_0.conda#3762b8999909b69745881cf4b8dd2816
https://repo.anaconda.com/pkgs/main/linux-64/pthread-stubs-0.3-h0ce48e5_1.conda#973a642312d2a28927aaf5b477c67250
https://repo.anaconda.com/pkgs/main/linux-64/xorg-libxau-1.0.12-h9b100fa_0.conda#a8005a9f6eb903e113cd5363e8a11459
https://repo.anaconda.com/pkgs/main/linux-64/xorg-libxdmcp-1.1.5-h9b100fa_0.conda#c284a09ddfba81d9c4e740110f09ea06
https://repo.anaconda.com/pkgs/main/linux-64/xorg-xorgproto-2024.1-h5eee18b_1.conda#412a0d97a7a51d23326e57226189da92
https://repo.anaconda.com/pkgs/main/linux-64/xz-5.6.4-h5eee18b_1.conda#3581505fa450962d631bd82b8616350e
https://repo.anaconda.com/pkgs/main/linux-64/expat-2.7.3-h3385a95_0.conda#105822d24b4de9055e705a7d76549416
https://repo.anaconda.com/pkgs/main/linux-64/icu-73.1-h6a678d5_0.conda#6d09df641fc23f7d277a04dc7ea32dd4
https://repo.anaconda.com/pkgs/main/linux-64/libffi-3.4.4-h6a678d5_1.conda#70646cc713f0c43926cfdcfe9b695fe0
https://repo.anaconda.com/pkgs/main/linux-64/libxcb-1.17.0-h9b100fa_0.conda#fdf0d380fa3809a301e2dbc0d5183883
https://repo.anaconda.com/pkgs/main/linux-64/readline-8.3-hc2a1206_0.conda#8578e006d4ef5cb98a6cda232b3490f6
https://repo.anaconda.com/pkgs/main/linux-64/zlib-1.3.1-hb25bd0a_0.conda#9f3a877e5e0fa0fb39253a59ff824861
https://repo.anaconda.com/pkgs/main/linux-64/libxml2-2.13.9-h2c43086_0.conda#72d5d2d627dd9b7780781e7aa6a12689
https://repo.anaconda.com/pkgs/main/linux-64/sqlite-3.51.0-h2a70700_0.conda#99a4278be9c6901ee6989b24fd213240
https://repo.anaconda.com/pkgs/main/linux-64/xorg-libx11-1.8.12-h9b100fa_1.conda#6298b27afae6f49f03765b2a03df2fcb
https://repo.anaconda.com/pkgs/main/linux-64/libhwloc-2.12.1-default_hf1bbc79_1000.conda#ce7622e43e74221011b39b980818189d
https://repo.anaconda.com/pkgs/main/linux-64/tk-8.6.15-h54e0aa7_0.conda#1fa91e0c4fc9c9435eda3f1a25a676fd
https://repo.anaconda.com/pkgs/main/linux-64/python-3.11.14-h6fa692b_0.conda#e140164db54305ebfaf96b85861db312
https://repo.anaconda.com/pkgs/main/linux-64/tbb-2022.3.0-h698db13_0.conda#5168b87bc5f513c1cdd46d29e1737c37
https://repo.anaconda.com/pkgs/main/noarch/python-tzdata-2025.2-pyhd3eb1b0_0.conda#5ac858f05dbf9d3cdb04d53516901247
https://repo.anaconda.com/pkgs/main/linux-64/pytz-2025.2-py311h06a4308_0.conda#ad31c6f4b7b1195cc69ad549fc09c939
https://repo.anaconda.com/pkgs/main/linux-64/six-1.17.0-py311h06a4308_0.conda#8bc537721b06c41c1e820ba179b376fd
https://repo.anaconda.com/pkgs/main/linux-64/tbb-devel-2022.3.0-h698db13_0.conda#a86e02dbd1ab7f493dfba1e4eda7df56
https://repo.anaconda.com/pkgs/main/linux-64/mkl-2025.0.0-hacee8c2_941.conda#4a3cbf8f4cd5ef200a0f7d240013f70a
https://repo.anaconda.com/pkgs/main/linux-64/python-dateutil-2.9.0post0-py311h06a4308_2.conda#486d4dbc1cd7e10dd4ebcace78db7cfe
https://repo.anaconda.com/pkgs/main/linux-64/mkl-service-2.5.2-py311hacdc0fc_0.conda#c65c21935894f76051c3949409cdcf23
https://repo.anaconda.com/pkgs/main/linux-64/numpy-base-1.26.4-py311he1678cf_1.conda#1d5d0a92a27b1e42df7905bcc9301443
https://repo.anaconda.com/pkgs/main/linux-64/bottleneck-1.4.2-py311haa0f9ac_1.conda#074769657781230c4a7d9cb5f7519991
https://repo.anaconda.com/pkgs/main/linux-64/mkl_fft-2.1.1-py311h8fe796d_0.conda#720944f63523a876c14182be96c06d3f
https://repo.anaconda.com/pkgs/main/linux-64/mkl_random-1.3.0-py311h505adc9_0.conda#05df8c756cf81cab0833b6d1e9037a03
https://repo.anaconda.com/pkgs/main/linux-64/numpy-1.26.4-py311h64c44e4_1.conda#6db888bc8ba7c0083240ca1864b860c8
https://repo.anaconda.com/pkgs/main/linux-64/numexpr-2.14.1-py311h41d4191_0.conda#0968bfe899d2f38073e6bfc5c01087ca
https://repo.anaconda.com/pkgs/main/linux-64/pandas-2.1.4-py311ha02d727_0.conda#fd93bf5620991360d9a11855834c09cd
